
Microsoft Visual Studio Solution File, Format Version 12.00
# Visual Studio Version 17
VisualStudioVersion = 17.3.32901.215
MinimumVisualStudioVersion = 10.0.40219.1
Project("{888888A0-9F3D-457C-B088-3A5042F75D52}") = "AI_TextFile", "AI_TextFile.pyproj", "{2B687B5D-2FB4-4538-9326-9F9EC70F8641}"
EndProject
Global
	GlobalSection(SolutionConfigurationPlatforms) = preSolution
		Debug|Any CPU = Debug|Any CPU
		Release|Any CPU = Release|Any CPU
	EndGlobalSection
	GlobalSection(ProjectConfigurationPlatforms) = postSolution
		{2B687B5D-2FB4-4538-9326-9F9EC70F8641}.Debug|Any CPU.ActiveCfg = Debug|Any CPU
		{2B687B5D-2FB4-4538-9326-9F9EC70F8641}.Release|Any CPU.ActiveCfg = Release|Any CPU
	EndGlobalSection
	GlobalSection(SolutionProperties) = preSolution
		HideSolutionNode = FALSE
	EndGlobalSection
	GlobalSection(ExtensibilityGlobals) = postSolution
		SolutionGuid = {BCD1F07F-34F8-419A-B7F7-29D2D6A4F919}
	EndGlobalSection
EndGlobal
